
Microsoft Visual Studio Solution File, Format Version 12.00
# Visual Studio Version 17
VisualStudioVersion = 17.10.35027.167
MinimumVisualStudioVersion = 10.0.40219.1
Project("{9A19103F-16F7-4668-BE54-9A1E7A4F7556}") = "dotnet-app-blueprint", "dotnet-app-blueprint.csproj", "{80EFDAD9-B55F-4073-B8D6-72411389B9C2}"
EndProject
Global
	GlobalSection(SolutionConfigurationPlatforms) = preSolution
		Debug|Any CPU = Debug|Any CPU
		Release|Any CPU = Release|Any CPU
	EndGlobalSection
	GlobalSection(ProjectConfigurationPlatforms) = postSolution
		{80EFDAD9-B55F-4073-B8D6-72411389B9C2}.Debug|Any CPU.ActiveCfg = Debug|Any CPU
		{80EFDAD9-B55F-4073-B8D6-72411389B9C2}.Debug|Any CPU.Build.0 = Debug|Any CPU
		{80EFDAD9-B55F-4073-B8D6-72411389B9C2}.Release|Any CPU.ActiveCfg = Release|Any CPU
		{80EFDAD9-B55F-4073-B8D6-72411389B9C2}.Release|Any CPU.Build.0 = Release|Any CPU
	EndGlobalSection
	GlobalSection(SolutionProperties) = preSolution
		HideSolutionNode = FALSE
	EndGlobalSection
	GlobalSection(ExtensibilityGlobals) = postSolution
		SolutionGuid = {E8ECA63B-7361-489A-B6A7-3BB9672627F4}
	EndGlobalSection
EndGlobal
